[meta]
schema_version = 1
cli_name = "GitHub Copilot CLI"
cli_version = "GitHub Copilot CLI 1.0.83."
cli_version_pin_required = false
seat_id = "op-personal"
seat_label = "operator-personal"
source = "empirical-probe"
probed_at = "2026-09-05T23:54:52Z"
cli_version_note = "cli_version records the CLI these entries were probed on; it is provenance, not a gate. The seat CLI auto-updates, so drift against the live CLI is expected and is reported as a warning. A model that actually stopped working fails its own dispatch with a real error rather than disabling the whole seat."
candidate_universe_note = "The CLI has no list-models command, so this is a maintained list, not an enumeration: it is every id a refresh may probe, and an id absent here is unprobed rather than unavailable. Adding a model is a data edit to this array followed by a probe; nothing infers enablement from a name."
candidate_universe = [
    "claude-sonnet-4.6",
    "claude-sonnet-4.5",
    "claude-haiku-4.5",
    "claude-fable-5",
    "claude-opus-4.8",
    "claude-opus-4.7",
    "claude-opus-4.6",
    "claude-opus-4.6-fast",
    "claude-opus-4.5",
    "gpt-5.5",
    "gpt-5.4",
    "gpt-5.3-codex",
    "gpt-5.2-codex",
    "gpt-5.2",
    "gpt-5.4-mini",
    "gpt-5-mini",
    "gemini-3.1-pro-preview",
    "gemini-3.5-flash",
]
written_by = "dabbler.copilot 2.0.1"
written_at = "2026-09-05T23:54:52Z"
content_digest = "sha256:eea9a5705f29b5f5eb23022903b15561de01f797950c7fd191b540e581f9b551"

[[models]]
id = "claude-sonnet-4.6"
provider = "anthropic"
provider_source = "name-prefix-heuristic"
enablement = "confirmed"
confirmed_at = "2026-08-19T12:13:37Z"
confirmed_on_cli_version = "GitHub Copilot CLI 1.0.80."
premium_request_weight = 1
echoed_model = "claude-sonnet-4.6"

[[models]]
id = "claude-sonnet-4.5"
provider = "anthropic"
provider_source = "name-prefix-heuristic"
enablement = "confirmed"
confirmed_at = "2026-07-04T16:17:00Z"
confirmed_on_cli_version = "GitHub Copilot CLI 1.0.68."
premium_request_weight = 1
echoed_model = "claude-sonnet-4.5"

[[models]]
id = "claude-haiku-4.5"
provider = "anthropic"
provider_source = "name-prefix-heuristic"
enablement = "confirmed"
confirmed_at = "2026-09-05T23:54:52Z"
confirmed_on_cli_version = "GitHub Copilot CLI 1.0.83."
echoed_model = "claude-haiku-4.5"
probe_premium_requests = 0.33

[[models]]
id = "claude-fable-5"
provider = "anthropic"
provider_source = "name-prefix-heuristic"
enablement = "confirmed"
confirmed_at = "2026-07-04T16:17:00Z"
confirmed_on_cli_version = "GitHub Copilot CLI 1.0.68."
premium_request_weight = 1
echoed_model = "claude-fable-5"

[[models]]
id = "claude-opus-4.8"
provider = "anthropic"
provider_source = "name-prefix-heuristic"
enablement = "confirmed"
confirmed_at = "2026-07-04T16:17:00Z"
confirmed_on_cli_version = "GitHub Copilot CLI 1.0.68."
premium_request_weight = 15
echoed_model = "claude-opus-4.8"

[[models]]
id = "claude-opus-4.7"
provider = "anthropic"
provider_source = "name-prefix-heuristic"
enablement = "confirmed"
confirmed_at = "2026-07-04T16:17:00Z"
confirmed_on_cli_version = "GitHub Copilot CLI 1.0.68."
echoed_model = "claude-opus-4.7"
last_probe_error = "invalid-model"
last_probe_at = "2026-08-19T11:59:01Z"

[[models]]
id = "claude-opus-4.6"
provider = "anthropic"
provider_source = "name-prefix-heuristic"
enablement = "confirmed"
confirmed_at = "2026-07-04T16:17:00Z"
confirmed_on_cli_version = "GitHub Copilot CLI 1.0.68."
premium_request_weight = 3
echoed_model = "claude-opus-4.6"

[[models]]
id = "claude-opus-4.6-fast"
provider = "anthropic"
provider_source = "name-prefix-heuristic"
enablement = "unconfirmed"

[[models]]
id = "claude-opus-4.5"
provider = "anthropic"
provider_source = "name-prefix-heuristic"
enablement = "confirmed"
confirmed_at = "2026-07-04T16:17:00Z"
confirmed_on_cli_version = "GitHub Copilot CLI 1.0.68."
premium_request_weight = 3
echoed_model = "claude-opus-4.5"

[[models]]
id = "gpt-5.5"
provider = "openai"
provider_source = "name-prefix-heuristic"
enablement = "confirmed"
confirmed_at = "2026-09-05T23:54:52Z"
confirmed_on_cli_version = "GitHub Copilot CLI 1.0.83."
premium_request_weight = 7.5
echoed_model = "gpt-5.5"

[[models]]
id = "gpt-5.4"
provider = "openai"
provider_source = "name-prefix-heuristic"
enablement = "confirmed"
confirmed_at = "2026-07-04T16:17:00Z"
confirmed_on_cli_version = "GitHub Copilot CLI 1.0.68."
premium_request_weight = 0
echoed_model = "gpt-5.4"

[[models]]
id = "gpt-5.3-codex"
provider = "openai"
provider_source = "name-prefix-heuristic"
enablement = "confirmed"
confirmed_at = "2026-07-04T16:17:00Z"
confirmed_on_cli_version = "GitHub Copilot CLI 1.0.68."
premium_request_weight = 0
echoed_model = "gpt-5.3-codex"

[[models]]
id = "gpt-5.2-codex"
provider = "openai"
provider_source = "name-prefix-heuristic"
enablement = "unconfirmed"

[[models]]
id = "gpt-5.2"
provider = "openai"
provider_source = "name-prefix-heuristic"
enablement = "unconfirmed"

[[models]]
id = "gpt-5.4-mini"
provider = "openai"
provider_source = "name-prefix-heuristic"
enablement = "confirmed"
confirmed_at = "2026-07-04T16:17:00Z"
confirmed_on_cli_version = "GitHub Copilot CLI 1.0.68."
premium_request_weight = 0
echoed_model = "gpt-5.4-mini"

[[models]]
id = "gpt-5-mini"
provider = "openai"
provider_source = "name-prefix-heuristic"
enablement = "confirmed"
confirmed_at = "2026-07-04T16:17:00Z"
confirmed_on_cli_version = "GitHub Copilot CLI 1.0.68."
premium_request_weight = 0
echoed_model = "gpt-5-mini"

[[models]]
id = "gemini-3.1-pro-preview"
provider = "google"
provider_source = "name-prefix-heuristic"
enablement = "confirmed"
confirmed_at = "2026-08-19T12:13:37Z"
confirmed_on_cli_version = "GitHub Copilot CLI 1.0.80."
premium_request_weight = 1
echoed_model = "gemini-3.1-pro-preview"
last_probe_error = "invalid-model"
last_probe_at = "2026-09-05T23:54:52Z"

[[models]]
id = "gemini-3.5-flash"
provider = "google"
provider_source = "name-prefix-heuristic"
enablement = "confirmed"
confirmed_at = "2026-07-04T16:17:00Z"
confirmed_on_cli_version = "GitHub Copilot CLI 1.0.68."
premium_request_weight = 14
echoed_model = "gemini-3.5-flash"
